// !$*UTF8*$!
{
	archiveVersion = 1;
	classes = {
	};
	objectVersion = 48;
	objects = {

/* Begin PBXBuildFile section */
		08A9E2F41F9E356C000B2729 /* ExampleViewController.swift in Sources */ = {isa = PBXBuildFile; fileRef = 08A9E2E41F9E356C000B2729 /* ExampleViewController.swift */; };
		08A9E2F51F9E356C000B2729 /* SwipeableNavigationBar.swift in Sources */ = {isa = PBXBuildFile; fileRef = 08A9E2E61F9E356C000B2729 /* SwipeableNavigationBar.swift */; };
		08A9E2F61F9E356C000B2729 /* SwipeableItem.swift in Sources */ = {isa = PBXBuildFile; fileRef = 08A9E2E71F9E356C000B2729 /* SwipeableItem.swift */; };
		08A9E2F71F9E356C000B2729 /* SwipeableCollectionView.swift in Sources */ = {isa = PBXBuildFile; fileRef = 08A9E2E81F9E356C000B2729 /* SwipeableCollectionView.swift */; };
		08A9E2F81F9E356C000B2729 /* SwipeableCell.swift in Sources */ = {isa = PBXBuildFile; fileRef = 08A9E2E91F9E356C000B2729 /* SwipeableCell.swift */; };
		08A9E2F91F9E356C000B2729 /* SwipeableNavigationController.swift in Sources */ = {isa = PBXBuildFile; fileRef = 08A9E2EA1F9E356C000B2729 /* SwipeableNavigationController.swift */; };
		08A9E2FA1F9E356C000B2729 /* SwipeableViewController.swift in Sources */ = {isa = PBXBuildFile; fileRef = 08A9E2EB1F9E356C000B2729 /* SwipeableViewController.swift */; };
		08A9E2FB1F9E356C000B2729 /* SwipeableCollectionViewFlowLayout.swift in Sources */ = {isa = PBXBuildFile; fileRef = 08A9E2EC1F9E356C000B2729 /* SwipeableCollectionViewFlowLayout.swift */; };
		08A9E2FC1F9E356C000B2729 /* SwipeableCell.xib in Resources */ = {isa = PBXBuildFile; fileRef = 08A9E2ED1F9E356C000B2729 /* SwipeableCell.xib */; };
		08A9E2FD1F9E356C000B2729 /* Assets.xcassets in Resources */ = {isa = PBXBuildFile; fileRef = 08A9E2EE1F9E356C000B2729 /* Assets.xcassets */; };
		08A9E2FE1F9E356C000B2729 /* LaunchScreen.storyboard in Resources */ = {isa = PBXBuildFile; fileRef = 08A9E2EF1F9E356C000B2729 /* LaunchScreen.storyboard */; };
		08A9E2FF1F9E356C000B2729 /* ExampleSwipeableViewController.swift in Sources */ = {isa = PBXBuildFile; fileRef = 08A9E2F11F9E356C000B2729 /* ExampleSwipeableViewController.swift */; };
		08A9E3001F9E356C000B2729 /* AppDelegate.swift in Sources */ = {isa = PBXBuildFile; fileRef = 08A9E2F21F9E356C000B2729 /* AppDelegate.swift */; };
		08A9E3011F9E356C000B2729 /* Info.plist in Resources */ = {isa = PBXBuildFile; fileRef = 08A9E2F31F9E356C000B2729 /* Info.plist */; };
/* End PBXBuildFile section */

/* Begin PBXFileReference section */
		08254DD41F8E9EDA006DD969 /* SwipingViewController.app */ = {isa = PBXFileReference; explicitFileType = wrapper.application; includeInIndex = 0; path = SwipingViewController.app; sourceTree = BUILT_PRODUCTS_DIR; };
		08A9E2E41F9E356C000B2729 /* ExampleViewController.swift */ = {isa = PBXFileReference; fileEncoding = 4; lastKnownFileType = sourcecode.swift; path = ExampleViewController.swift; sourceTree = "<group>"; };
		08A9E2E61F9E356C000B2729 /* SwipeableNavigationBar.swift */ = {isa = PBXFileReference; fileEncoding = 4; lastKnownFileType = sourcecode.swift; path = SwipeableNavigationBar.swift; sourceTree = "<group>"; };
		08A9E2E71F9E356C000B2729 /* SwipeableItem.swift */ = {isa = PBXFileReference; fileEncoding = 4; lastKnownFileType = sourcecode.swift; path = SwipeableItem.swift; sourceTree = "<group>"; };
		08A9E2E81F9E356C000B2729 /* SwipeableCollectionView.swift */ = {isa = PBXFileReference; fileEncoding = 4; lastKnownFileType = sourcecode.swift; path = SwipeableCollectionView.swift; sourceTree = "<group>"; };
		08A9E2E91F9E356C000B2729 /* SwipeableCell.swift */ = {isa = PBXFileReference; fileEncoding = 4; lastKnownFileType = sourcecode.swift; path = SwipeableCell.swift; sourceTree = "<group>"; };
		08A9E2EA1F9E356C000B2729 /* SwipeableNavigationController.swift */ = {isa = PBXFileReference; fileEncoding = 4; lastKnownFileType = sourcecode.swift; path = SwipeableNavigationController.swift; sourceTree = "<group>"; };
		08A9E2EB1F9E356C000B2729 /* SwipeableViewController.swift */ = {isa = PBXFileReference; fileEncoding = 4; lastKnownFileType = sourcecode.swift; path = SwipeableViewController.swift; sourceTree = "<group>"; };
		08A9E2EC1F9E356C000B2729 /* SwipeableCollectionViewFlowLayout.swift */ = {isa = PBXFileReference; fileEncoding = 4; lastKnownFileType = sourcecode.swift; path = SwipeableCollectionViewFlowLayout.swift; sourceTree = "<group>"; };
		08A9E2ED1F9E356C000B2729 /* SwipeableCell.xib */ = {isa = PBXFileReference; fileEncoding = 4; lastKnownFileType = file.xib; path = SwipeableCell.xib; sourceTree = "<group>"; };
		08A9E2EE1F9E356C000B2729 /* Assets.xcassets */ = {isa = PBXFileReference; lastKnownFileType = folder.assetcatalog; path = Assets.xcassets; sourceTree = "<group>"; };
		08A9E2F01F9E356C000B2729 /* Base */ = {isa = PBXFileReference; lastKnownFileType = file.storyboard; name = Base; path = Base.lproj/LaunchScreen.storyboard; sourceTree = "<group>"; };
		08A9E2F11F9E356C000B2729 /* ExampleSwipeableViewController.swift */ = {isa = PBXFileReference; fileEncoding = 4; lastKnownFileType = sourcecode.swift; path = ExampleSwipeableViewController.swift; sourceTree = "<group>"; };
		08A9E2F21F9E356C000B2729 /* AppDelegate.swift */ = {isa = PBXFileReference; fileEncoding = 4; lastKnownFileType = sourcecode.swift; path = AppDelegate.swift; sourceTree = "<group>"; };
		08A9E2F31F9E356C000B2729 /* Info.plist */ = {isa = PBXFileReference; fileEncoding = 4; lastKnownFileType = text.plist.xml; path = Info.plist; sourceTree = "<group>"; };
/* End PBXFileReference section */

/* Begin PBXFrameworksBuildPhase section */
		08254DD11F8E9EDA006DD969 /* Frameworks */ = {
			isa = PBXFrameworksBuildPhase;
			buildActionMask = 2147483647;
			files = (
			);
			runOnlyForDeploymentPostprocessing = 0;
		};
/* End PBXFrameworksBuildPhase section */

/* Begin PBXGroup section */
		08254DCB1F8E9EDA006DD969 = {
			isa = PBXGroup;
			children = (
				08A9E2E31F9E356C000B2729 /* SwipeableViewController */,
				08254DD51F8E9EDA006DD969 /* Products */,
			);
			sourceTree = "<group>";
		};
		08254DD51F8E9EDA006DD969 /* Products */ = {
			isa = PBXGroup;
			children = (
				08254DD41F8E9EDA006DD969 /* SwipingViewController.app */,
			);
			name = Products;
			sourceTree = "<group>";
		};
		08A9E2E31F9E356C000B2729 /* SwipeableViewController */ = {
			isa = PBXGroup;
			children = (
				08A9E2E41F9E356C000B2729 /* ExampleViewController.swift */,
				08A9E2E51F9E356C000B2729 /* Source */,
				08A9E2EE1F9E356C000B2729 /* Assets.xcassets */,
				08A9E2EF1F9E356C000B2729 /* LaunchScreen.storyboard */,
				08A9E2F11F9E356C000B2729 /* ExampleSwipeableViewController.swift */,
				08A9E2F21F9E356C000B2729 /* AppDelegate.swift */,
				08A9E2F31F9E356C000B2729 /* Info.plist */,
			);
			path = SwipeableViewController;
			sourceTree = "<group>";
		};
		08A9E2E51F9E356C000B2729 /* Source */ = {
			isa = PBXGroup;
			children = (
				08A9E2E61F9E356C000B2729 /* SwipeableNavigationBar.swift */,
				08A9E2E71F9E356C000B2729 /* SwipeableItem.swift */,
				08A9E2E81F9E356C000B2729 /* SwipeableCollectionView.swift */,
				08A9E2E91F9E356C000B2729 /* SwipeableCell.swift */,
				08A9E2EA1F9E356C000B2729 /* SwipeableNavigationController.swift */,
				08A9E2EB1F9E356C000B2729 /* SwipeableViewController.swift */,
				08A9E2EC1F9E356C000B2729 /* SwipeableCollectionViewFlowLayout.swift */,
				08A9E2ED1F9E356C000B2729 /* SwipeableCell.xib */,
			);
			path = Source;
			sourceTree = "<group>";
		};
/* End PBXGroup section */

/* Begin PBXNativeTarget section */
		08254DD31F8E9EDA006DD969 /* SwipingViewController */ = {
			isa = PBXNativeTarget;
			buildConfigurationList = 08254DE61F8E9EDA006DD969 /* Build configuration list for PBXNativeTarget "SwipingViewController" */;
			buildPhases = (
				08254DD01F8E9EDA006DD969 /* Sources */,
				08254DD11F8E9EDA006DD969 /* Frameworks */,
				08254DD21F8E9EDA006DD969 /* Resources */,
			);
			buildRules = (
			);
			dependencies = (
			);
			name = SwipingViewController;
			productName = SwipingViewController;
			productReference = 08254DD41F8E9EDA006DD969 /* SwipingViewController.app */;
			productType = "com.apple.product-type.application";
		};
/* End PBXNativeTarget section */

/* Begin PBXProject section */
		08254DCC1F8E9EDA006DD969 /* Project object */ = {
			isa = PBXProject;
			attributes = {
				LastSwiftUpdateCheck = 0900;
				LastUpgradeCheck = 0900;
				ORGANIZATIONNAME = Tise;
				TargetAttributes = {
					08254DD31F8E9EDA006DD969 = {
						CreatedOnToolsVersion = 9.0;
						ProvisioningStyle = Automatic;
					};
				};
			};
			buildConfigurationList = 08254DCF1F8E9EDA006DD969 /* Build configuration list for PBXProject "SwipeableViewController" */;
			compatibilityVersion = "Xcode 8.0";
			developmentRegion = en;
			hasScannedForEncodings = 0;
			knownRegions = (
				en,
				Base,
			);
			mainGroup = 08254DCB1F8E9EDA006DD969;
			productRefGroup = 08254DD51F8E9EDA006DD969 /* Products */;
			projectDirPath = "";
			projectRoot = "";
			targets = (
				08254DD31F8E9EDA006DD969 /* SwipingViewController */,
			);
		};
/* End PBXProject section */

/* Begin PBXResourcesBuildPhase section */
		08254DD21F8E9EDA006DD969 /* Resources */ = {
			isa = PBXResourcesBuildPhase;
			buildActionMask = 2147483647;
			files = (
				08A9E3011F9E356C000B2729 /* Info.plist in Resources */,
				08A9E2FE1F9E356C000B2729 /* LaunchScreen.storyboard in Resources */,
				08A9E2FD1F9E356C000B2729 /* Assets.xcassets in Resources */,
				08A9E2FC1F9E356C000B2729 /* SwipeableCell.xib in Resources */,
			);
			runOnlyForDeploymentPostprocessing = 0;
		};
/* End PBXResourcesBuildPhase section */

/* Begin PBXSourcesBuildPhase section */
		08254DD01F8E9EDA006DD969 /* Sources */ = {
			isa = PBXSourcesBuildPhase;
			buildActionMask = 2147483647;
			files = (
				08A9E2F81F9E356C000B2729 /* SwipeableCell.swift in Sources */,
				08A9E2FF1F9E356C000B2729 /* ExampleSwipeableViewController.swift in Sources */,
				08A9E2F51F9E356C000B2729 /* SwipeableNavigationBar.swift in Sources */,
				08A9E2F91F9E356C000B2729 /* SwipeableNavigationController.swift in Sources */,
				08A9E2FB1F9E356C000B2729 /* SwipeableCollectionViewFlowLayout.swift in Sources */,
				08A9E2F61F9E356C000B2729 /* SwipeableItem.swift in Sources */,
				08A9E2F41F9E356C000B2729 /* ExampleViewController.swift in Sources */,
				08A9E2F71F9E356C000B2729 /* SwipeableCollectionView.swift in Sources */,
				08A9E3001F9E356C000B2729 /* AppDelegate.swift in Sources */,
				08A9E2FA1F9E356C000B2729 /* SwipeableViewController.swift in Sources */,
			);
			runOnlyForDeploymentPostprocessing = 0;
		};
/* End PBXSourcesBuildPhase section */

/* Begin PBXVariantGroup section */
		08A9E2EF1F9E356C000B2729 /* LaunchScreen.storyboard */ = {
			isa = PBXVariantGroup;
			children = (
				08A9E2F01F9E356C000B2729 /* Base */,
			);
			name = LaunchScreen.storyboard;
			sourceTree = "<group>";
		};
/* End PBXVariantGroup section */

/* Begin XCBuildConfiguration section */
		08254DE41F8E9EDA006DD969 /* Debug */ = {
			isa = XCBuildConfiguration;
			buildSettings = {
				ALWAYS_SEARCH_USER_PATHS = NO;
				CLANG_ANALYZER_NONNULL = YES;
				CLANG_ANALYZER_NUMBER_OBJECT_CONVERSION = YES_AGGRESSIVE;
				CLANG_CXX_LANGUAGE_STANDARD = "gnu++14";
				CLANG_CXX_LIBRARY = "libc++";
				CLANG_ENABLE_MODULES = YES;
				CLANG_ENABLE_OBJC_ARC = YES;
				CLANG_WARN_BLOCK_CAPTURE_AUTORELEASING = YES;
				CLANG_WARN_BOOL_CONVERSION = YES;
				CLANG_WARN_COMMA = YES;
				CLANG_WARN_CONSTANT_CONVERSION = YES;
				CLANG_WARN_DIRECT_OBJC_ISA_USAGE = YES_ERROR;
				CLANG_WARN_DOCUMENTATION_COMMENTS = YES;
				CLANG_WARN_EMPTY_BODY = YES;
				CLANG_WARN_ENUM_CONVERSION = YES;
				CLANG_WARN_INFINITE_RECURSION = YES;
				CLANG_WARN_INT_CONVERSION = YES;
				CLANG_WARN_NON_LITERAL_NULL_CONVERSION = YES;
				CLANG_WARN_OBJC_LITERAL_CONVERSION = YES;
				CLANG_WARN_OBJC_ROOT_CLASS = YES_ERROR;
				CLANG_WARN_RANGE_LOOP_ANALYSIS = YES;
				CLANG_WARN_STRICT_PROTOTYPES = YES;
				CLANG_WARN_SUSPICIOUS_MOVE = YES;
				CLANG_WARN_UNGUARDED_AVAILABILITY = YES_AGGRESSIVE;
				CLANG_WARN_UNREACHABLE_CODE = YES;
				CLANG_WARN__DUPLICATE_METHOD_MATCH = YES;
				CODE_SIGN_IDENTITY = "iPhone Developer";
				COPY_PHASE_STRIP = NO;
				DEBUG_INFORMATION_FORMAT = dwarf;
				ENABLE_STRICT_OBJC_MSGSEND = YES;
				ENABLE_TESTABILITY = YES;
				GCC_C_LANGUAGE_STANDARD = gnu11;
				GCC_DYNAMIC_NO_PIC = NO;
				GCC_NO_COMMON_BLOCKS = YES;
				GCC_OPTIMIZATION_LEVEL = 0;
				GCC_PREPROCESSOR_DEFINITIONS = (
					"DEBUG=1",
					"$(inherited)",
				);
				GCC_WARN_64_TO_32_BIT_CONVERSION = YES;
				GCC_WARN_ABOUT_RETURN_TYPE = YES_ERROR;
				GCC_WARN_UNDECLARED_SELECTOR = YES;
				GCC_WARN_UNINITIALIZED_AUTOS = YES_AGGRESSIVE;
				GCC_WARN_UNUSED_FUNCTION = YES;
				GCC_WARN_UNUSED_VARIABLE = YES;
				IPHONEOS_DEPLOYMENT_TARGET = 11.0;
				MTL_ENABLE_DEBUG_INFO = YES;
				ONLY_ACTIVE_ARCH = YES;
				SDKROOT = iphoneos;
				SWIFT_ACTIVE_COMPILATION_CONDITIONS = DEBUG;
				SWIFT_OPTIMIZATION_LEVEL = "-Onone";
			};
			name = Debug;
		};
		08254DE51F8E9EDA006DD969 /* Release */ = {
			isa = XCBuildConfiguration;
			buildSettings = {
				ALWAYS_SEARCH_USER_PATHS = NO;
				CLANG_ANALYZER_NONNULL = YES;
				CLANG_ANALYZER_NUMBER_OBJECT_CONVERSION = YES_AGGRESSIVE;
				CLANG_CXX_LANGUAGE_STANDARD = "gnu++14";
				CLANG_CXX_LIBRARY = "libc++";
				CLANG_ENABLE_MODULES = YES;
				CLANG_ENABLE_OBJC_ARC = YES;
				CLANG_WARN_BLOCK_CAPTURE_AUTORELEASING = YES;
				CLANG_WARN_BOOL_CONVERSION = YES;
				CLANG_WARN_COMMA = YES;
				CLANG_WARN_CONSTANT_CONVERSION = YES;
				CLANG_WARN_DIRECT_OBJC_ISA_USAGE = YES_ERROR;
				CLANG_WARN_DOCUMENTATION_COMMENTS = YES;
				CLANG_WARN_EMPTY_BODY = YES;
				CLANG_WARN_ENUM_CONVERSION = YES;
				CLANG_WARN_INFINITE_RECURSION = YES;
				CLANG_WARN_INT_CONVERSION = YES;
				CLANG_WARN_NON_LITERAL_NULL_CONVERSION = YES;
				CLANG_WARN_OBJC_LITERAL_CONVERSION = YES;
				CLANG_WARN_OBJC_ROOT_CLASS = YES_ERROR;
				CLANG_WARN_RANGE_LOOP_ANALYSIS = YES;
				CLANG_WARN_STRICT_PROTOTYPES = YES;
				CLANG_WARN_SUSPICIOUS_MOVE = YES;
				CLANG_WARN_UNGUARDED_AVAILABILITY = YES_AGGRESSIVE;
				CLANG_WARN_UNREACHABLE_CODE = YES;
				CLANG_WARN__DUPLICATE_METHOD_MATCH = YES;
				CODE_SIGN_IDENTITY = "iPhone Developer";
				COPY_PHASE_STRIP = NO;
				DEBUG_INFORMATION_FORMAT = "dwarf-with-dsym";
				ENABLE_NS_ASSERTIONS = NO;
				ENABLE_STRICT_OBJC_MSGSEND = YES;
				GCC_C_LANGUAGE_STANDARD = gnu11;
				GCC_NO_COMMON_BLOCKS = YES;
				GCC_WARN_64_TO_32_BIT_CONVERSION = YES;
				GCC_WARN_ABOUT_RETURN_TYPE = YES_ERROR;
				GCC_WARN_UNDECLARED_SELECTOR = YES;
				GCC_WARN_UNINITIALIZED_AUTOS = YES_AGGRESSIVE;
				GCC_WARN_UNUSED_FUNCTION = YES;
				GCC_WARN_UNUSED_VARIABLE = YES;
				IPHONEOS_DEPLOYMENT_TARGET = 11.0;
				MTL_ENABLE_DEBUG_INFO = NO;
				SDKROOT = iphoneos;
				SWIFT_OPTIMIZATION_LEVEL = "-Owholemodule";
				VALIDATE_PRODUCT = YES;
			};
			name = Release;
		};
		08254DE71F8E9EDA006DD969 /* Debug */ = {
			isa = XCBuildConfiguration;
			buildSettings = {
				ASSETCATALOG_COMPILER_APPICON_NAME = AppIcon;
				CODE_SIGN_STYLE = Automatic;
				DEVELOPMENT_TEAM = 88F3596FP2;
				INFOPLIST_FILE = "$(SRCROOT)/SwipeableViewController/Info.plist";
				IPHONEOS_DEPLOYMENT_TARGET = 9.0;
				LD_RUNPATH_SEARCH_PATHS = "$(inherited) @executable_path/Frameworks";
				PRODUCT_BUNDLE_IDENTIFIER = Tise.SwipingViewController;
				PRODUCT_NAME = "$(TARGET_NAME)";
				SWIFT_VERSION = 4.0;
				TARGETED_DEVICE_FAMILY = "1,2";
			};
			name = Debug;
		};
		08254DE81F8E9EDA006DD969 /* Release */ = {
			isa = XCBuildConfiguration;
			buildSettings = {
				ASSETCATALOG_COMPILER_APPICON_NAME = AppIcon;
				CODE_SIGN_STYLE = Automatic;
				DEVELOPMENT_TEAM = 88F3596FP2;
				INFOPLIST_FILE = "$(SRCROOT)/SwipeableViewController/Info.plist";
				IPHONEOS_DEPLOYMENT_TARGET = 9.0;
				LD_RUNPATH_SEARCH_PATHS = "$(inherited) @executable_path/Frameworks";
				PRODUCT_BUNDLE_IDENTIFIER = Tise.SwipingViewController;
				PRODUCT_NAME = "$(TARGET_NAME)";
				SWIFT_VERSION = 4.0;
				TARGETED_DEVICE_FAMILY = "1,2";
			};
			name = Release;
		};
/* End XCBuildConfiguration section */

/* Begin XCConfigurationList section */
		08254DCF1F8E9EDA006DD969 /* Build configuration list for PBXProject "SwipeableViewController" */ = {
			isa = XCConfigurationList;
			buildConfigurations = (
				08254DE41F8E9EDA006DD969 /* Debug */,
				08254DE51F8E9EDA006DD969 /* Release */,
			);
			defaultConfigurationIsVisible = 0;
			defaultConfigurationName = Release;
		};
		08254DE61F8E9EDA006DD969 /* Build configuration list for PBXNativeTarget "SwipingViewController" */ = {
			isa = XCConfigurationList;
			buildConfigurations = (
				08254DE71F8E9EDA006DD969 /* Debug */,
				08254DE81F8E9EDA006DD969 /* Release */,
			);
			defaultConfigurationIsVisible = 0;
			defaultConfigurationName = Release;
		};
/* End XCConfigurationList section */
	};
	rootObject = 08254DCC1F8E9EDA006DD969 /* Project object */;
}
